
Microsoft Visual Studio Solution File, Format Version 12.00
# Visual Studio Version 17
VisualStudioVersion = 17.11.35312.102
MinimumVisualStudioVersion = 10.0.40219.1
Project("{FAE04EC0-301F-11D3-BF4B-00C04F79EFBC}") = "PdfScaner", "PdfScaner\PdfScaner.csproj", "{05F192F1-A239-4561-A343-430380F148C1}"
EndProject
Global
	GlobalSection(SolutionConfigurationPlatforms) = preSolution
		Debug|Any CPU = Debug|Any CPU
		Release|Any CPU = Release|Any CPU
	EndGlobalSection
	GlobalSection(ProjectConfigurationPlatforms) = postSolution
		{05F192F1-A239-4561-A343-430380F148C1}.Debug|Any CPU.ActiveCfg = Debug|Any CPU
		{05F192F1-A239-4561-A343-430380F148C1}.Debug|Any CPU.Build.0 = Debug|Any CPU
		{05F192F1-A239-4561-A343-430380F148C1}.Release|Any CPU.ActiveCfg = Release|Any CPU
		{05F192F1-A239-4561-A343-430380F148C1}.Release|Any CPU.Build.0 = Release|Any CPU
	EndGlobalSection
	GlobalSection(SolutionProperties) = preSolution
		HideSolutionNode = FALSE
	EndGlobalSection
	GlobalSection(ExtensibilityGlobals) = postSolution
		SolutionGuid = {24C71765-85AC-4445-9C97-EDC3F2A376FC}
	EndGlobalSection
EndGlobal
